// !$*UTF8*$!
{
	archiveVersion = 1;
	classes = {
	};
	objectVersion = 56;
	objects = {

/* Begin PBXBuildFile section */
		9BDECCA82C8A2403002CDE8D /* AppDelegate.swift in Sources */ = {isa = PBXBuildFile; fileRef = 9BDECCA72C8A2403002CDE8D /* AppDelegate.swift */; };
		9BDECCAA2C8A2403002CDE8D /* SceneDelegate.swift in Sources */ = {isa = PBXBuildFile; fileRef = 9BDECCA92C8A2403002CDE8D /* SceneDelegate.swift */; };
		9BDECCAC2C8A2403002CDE8D /* ViewController.swift in Sources */ = {isa = PBXBuildFile; fileRef = 9BDECCAB2C8A2403002CDE8D /* ViewController.swift */; };
		9BDECCAF2C8A2403002CDE8D /* Base in Resources */ = {isa = PBXBuildFile; fileRef = 9BDECCAE2C8A2403002CDE8D /* Base */; };
		9BDECCB12C8A2404002CDE8D /* Assets.xcassets in Resources */ = {isa = PBXBuildFile; fileRef = 9BDECCB02C8A2404002CDE8D /* Assets.xcassets */; };
		9BDECCB42C8A2404002CDE8D /* Base in Resources */ = {isa = PBXBuildFile; fileRef = 9BDECCB32C8A2404002CDE8D /* Base */; };
		9BDECCBF2C8A2405002CDE8D /* DiffableDataSourceChatBootcampTests.swift in Sources */ = {isa = PBXBuildFile; fileRef = 9BDECCBE2C8A2405002CDE8D /* DiffableDataSourceChatBootcampTests.swift */; };
		9BDECCC92C8A2405002CDE8D /* DiffableDataSourceChatBootcampUITests.swift in Sources */ = {isa = PBXBuildFile; fileRef = 9BDECCC82C8A2405002CDE8D /* DiffableDataSourceChatBootcampUITests.swift */; };
		9BDECCCB2C8A2405002CDE8D /* DiffableDataSourceChatBootcampUITestsLaunchTests.swift in Sources */ = {isa = PBXBuildFile; fileRef = 9BDECCCA2C8A2405002CDE8D /* DiffableDataSourceChatBootcampUITestsLaunchTests.swift */; };
		9BDECCE02C8A2AB3002CDE8D /* User.swift in Sources */ = {isa = PBXBuildFile; fileRef = 9BDECCDF2C8A2AB3002CDE8D /* User.swift */; };
		9BDECCE12C8A2AB3002CDE8D /* User.swift in Sources */ = {isa = PBXBuildFile; fileRef = 9BDECCDF2C8A2AB3002CDE8D /* User.swift */; };
		9BDECCE22C8A2AB3002CDE8D /* User.swift in Sources */ = {isa = PBXBuildFile; fileRef = 9BDECCDF2C8A2AB3002CDE8D /* User.swift */; };
		9BDECCE42C8A2AE3002CDE8D /* Room.swift in Sources */ = {isa = PBXBuildFile; fileRef = 9BDECCE32C8A2AE3002CDE8D /* Room.swift */; };
		9BDECCE52C8A2AE3002CDE8D /* Room.swift in Sources */ = {isa = PBXBuildFile; fileRef = 9BDECCE32C8A2AE3002CDE8D /* Room.swift */; };
		9BDECCE62C8A2AE3002CDE8D /* Room.swift in Sources */ = {isa = PBXBuildFile; fileRef = 9BDECCE32C8A2AE3002CDE8D /* Room.swift */; };
		9BDECCE82C8A2B0A002CDE8D /* MessageSection.swift in Sources */ = {isa = PBXBuildFile; fileRef = 9BDECCE72C8A2B0A002CDE8D /* MessageSection.swift */; };
		9BDECCE92C8A2B0A002CDE8D /* MessageSection.swift in Sources */ = {isa = PBXBuildFile; fileRef = 9BDECCE72C8A2B0A002CDE8D /* MessageSection.swift */; };
		9BDECCEA2C8A2B0A002CDE8D /* MessageSection.swift in Sources */ = {isa = PBXBuildFile; fileRef = 9BDECCE72C8A2B0A002CDE8D /* MessageSection.swift */; };
		9BDECCEC2C8A2B20002CDE8D /* Message.swift in Sources */ = {isa = PBXBuildFile; fileRef = 9BDECCEB2C8A2B20002CDE8D /* Message.swift */; };
		9BDECCED2C8A2B20002CDE8D /* Message.swift in Sources */ = {isa = PBXBuildFile; fileRef = 9BDECCEB2C8A2B20002CDE8D /* Message.swift */; };
		9BDECCEE2C8A2B20002CDE8D /* Message.swift in Sources */ = {isa = PBXBuildFile; fileRef = 9BDECCEB2C8A2B20002CDE8D /* Message.swift */; };
		9BDECCF02C8A2B2E002CDE8D /* MessageInputType.swift in Sources */ = {isa = PBXBuildFile; fileRef = 9BDECCEF2C8A2B2E002CDE8D /* MessageInputType.swift */; };
		9BDECCF12C8A2B2E002CDE8D /* MessageInputType.swift in Sources */ = {isa = PBXBuildFile; fileRef = 9BDECCEF2C8A2B2E002CDE8D /* MessageInputType.swift */; };
		9BDECCF22C8A2B2E002CDE8D /* MessageInputType.swift in Sources */ = {isa = PBXBuildFile; fileRef = 9BDECCEF2C8A2B2E002CDE8D /* MessageInputType.swift */; };
		9BDECCF42C8A2B3A002CDE8D /* MessageSendModel.swift in Sources */ = {isa = PBXBuildFile; fileRef = 9BDECCF32C8A2B3A002CDE8D /* MessageSendModel.swift */; };
		9BDECCF52C8A2B3A002CDE8D /* MessageSendModel.swift in Sources */ = {isa = PBXBuildFile; fileRef = 9BDECCF32C8A2B3A002CDE8D /* MessageSendModel.swift */; };
		9BDECCF62C8A2B3A002CDE8D /* MessageSendModel.swift in Sources */ = {isa = PBXBuildFile; fileRef = 9BDECCF32C8A2B3A002CDE8D /* MessageSendModel.swift */; };
		9BDECCF82C8A2B5F002CDE8D /* CustomMessageType.swift in Sources */ = {isa = PBXBuildFile; fileRef = 9BDECCF72C8A2B5F002CDE8D /* CustomMessageType.swift */; };
		9BDECCF92C8A2B5F002CDE8D /* CustomMessageType.swift in Sources */ = {isa = PBXBuildFile; fileRef = 9BDECCF72C8A2B5F002CDE8D /* CustomMessageType.swift */; };
		9BDECCFA2C8A2B5F002CDE8D /* CustomMessageType.swift in Sources */ = {isa = PBXBuildFile; fileRef = 9BDECCF72C8A2B5F002CDE8D /* CustomMessageType.swift */; };
/* End PBXBuildFile section */

/* Begin PBXContainerItemProxy section */
		9BDECCBB2C8A2405002CDE8D /* PBXContainerItemProxy */ = {
			isa = PBXContainerItemProxy;
			containerPortal = 9BDECC9C2C8A2403002CDE8D /* Project object */;
			proxyType = 1;
			remoteGlobalIDString = 9BDECCA32C8A2403002CDE8D;
			remoteInfo = DiffableDataSourceChatBootcamp;
		};
		9BDECCC52C8A2405002CDE8D /* PBXContainerItemProxy */ = {
			isa = PBXContainerItemProxy;
			containerPortal = 9BDECC9C2C8A2403002CDE8D /* Project object */;
			proxyType = 1;
			remoteGlobalIDString = 9BDECCA32C8A2403002CDE8D;
			remoteInfo = DiffableDataSourceChatBootcamp;
		};
/* End PBXContainerItemProxy section */

/* Begin PBXFileReference section */
		9BDECCA42C8A2403002CDE8D /* DiffableDataSourceChatBootcamp.app */ = {isa = PBXFileReference; explicitFileType = wrapper.application; includeInIndex = 0; path = DiffableDataSourceChatBootcamp.app; sourceTree = BUILT_PRODUCTS_DIR; };
		9BDECCA72C8A2403002CDE8D /* AppDelegate.swift */ = {isa = PBXFileReference; lastKnownFileType = sourcecode.swift; path = AppDelegate.swift; sourceTree = "<group>"; };
		9BDECCA92C8A2403002CDE8D /* SceneDelegate.swift */ = {isa = PBXFileReference; lastKnownFileType = sourcecode.swift; path = SceneDelegate.swift; sourceTree = "<group>"; };
		9BDECCAB2C8A2403002CDE8D /* ViewController.swift */ = {isa = PBXFileReference; lastKnownFileType = sourcecode.swift; path = ViewController.swift; sourceTree = "<group>"; };
		9BDECCAE2C8A2403002CDE8D /* Base */ = {isa = PBXFileReference; lastKnownFileType = file.storyboard; name = Base; path = Base.lproj/Main.storyboard; sourceTree = "<group>"; };
		9BDECCB02C8A2404002CDE8D /* Assets.xcassets */ = {isa = PBXFileReference; lastKnownFileType = folder.assetcatalog; path = Assets.xcassets; sourceTree = "<group>"; };
		9BDECCB32C8A2404002CDE8D /* Base */ = {isa = PBXFileReference; lastKnownFileType = file.storyboard; name = Base; path = Base.lproj/LaunchScreen.storyboard; sourceTree = "<group>"; };
		9BDECCB52C8A2404002CDE8D /* Info.plist */ = {isa = PBXFileReference; lastKnownFileType = text.plist.xml; path = Info.plist; sourceTree = "<group>"; };
		9BDECCBA2C8A2405002CDE8D /* DiffableDataSourceChatBootcampTests.xctest */ = {isa = PBXFileReference; explicitFileType = wrapper.cfbundle; includeInIndex = 0; path = DiffableDataSourceChatBootcampTests.xctest; sourceTree = BUILT_PRODUCTS_DIR; };
		9BDECCBE2C8A2405002CDE8D /* DiffableDataSourceChatBootcampTests.swift */ = {isa = PBXFileReference; lastKnownFileType = sourcecode.swift; path = DiffableDataSourceChatBootcampTests.swift; sourceTree = "<group>"; };
		9BDECCC42C8A2405002CDE8D /* DiffableDataSourceChatBootcampUITests.xctest */ = {isa = PBXFileReference; explicitFileType = wrapper.cfbundle; includeInIndex = 0; path = DiffableDataSourceChatBootcampUITests.xctest; sourceTree = BUILT_PRODUCTS_DIR; };
		9BDECCC82C8A2405002CDE8D /* DiffableDataSourceChatBootcampUITests.swift */ = {isa = PBXFileReference; lastKnownFileType = sourcecode.swift; path = DiffableDataSourceChatBootcampUITests.swift; sourceTree = "<group>"; };
		9BDECCCA2C8A2405002CDE8D /* DiffableDataSourceChatBootcampUITestsLaunchTests.swift */ = {isa = PBXFileReference; lastKnownFileType = sourcecode.swift; path = DiffableDataSourceChatBootcampUITestsLaunchTests.swift; sourceTree = "<group>"; };
		9BDECCDF2C8A2AB3002CDE8D /* User.swift */ = {isa = PBXFileReference; fileEncoding = 4; lastKnownFileType = sourcecode.swift; path = User.swift; sourceTree = "<group>"; };
		9BDECCE32C8A2AE3002CDE8D /* Room.swift */ = {isa = PBXFileReference; fileEncoding = 4; lastKnownFileType = sourcecode.swift; path = Room.swift; sourceTree = "<group>"; };
		9BDECCE72C8A2B0A002CDE8D /* MessageSection.swift */ = {isa = PBXFileReference; fileEncoding = 4; lastKnownFileType = sourcecode.swift; path = MessageSection.swift; sourceTree = "<group>"; };
		9BDECCEB2C8A2B20002CDE8D /* Message.swift */ = {isa = PBXFileReference; fileEncoding = 4; lastKnownFileType = sourcecode.swift; path = Message.swift; sourceTree = "<group>"; };
		9BDECCEF2C8A2B2E002CDE8D /* MessageInputType.swift */ = {isa = PBXFileReference; fileEncoding = 4; lastKnownFileType = sourcecode.swift; path = MessageInputType.swift; sourceTree = "<group>"; };
		9BDECCF32C8A2B3A002CDE8D /* MessageSendModel.swift */ = {isa = PBXFileReference; fileEncoding = 4; lastKnownFileType = sourcecode.swift; path = MessageSendModel.swift; sourceTree = "<group>"; };
		9BDECCF72C8A2B5F002CDE8D /* CustomMessageType.swift */ = {isa = PBXFileReference; fileEncoding = 4; lastKnownFileType = sourcecode.swift; path = CustomMessageType.swift; sourceTree = "<group>"; };
/* End PBXFileReference section */

/* Begin PBXFrameworksBuildPhase section */
		9BDECCA12C8A2403002CDE8D /* Frameworks */ = {
			isa = PBXFrameworksBuildPhase;
			buildActionMask = 2147483647;
			files = (
			);
			runOnlyForDeploymentPostprocessing = 0;
		};
		9BDECCB72C8A2405002CDE8D /* Frameworks */ = {
			isa = PBXFrameworksBuildPhase;
			buildActionMask = 2147483647;
			files = (
			);
			runOnlyForDeploymentPostprocessing = 0;
		};
		9BDECCC12C8A2405002CDE8D /* Frameworks */ = {
			isa = PBXFrameworksBuildPhase;
			buildActionMask = 2147483647;
			files = (
			);
			runOnlyForDeploymentPostprocessing = 0;
		};
/* End PBXFrameworksBuildPhase section */

/* Begin PBXGroup section */
		9BDECC9B2C8A2403002CDE8D = {
			isa = PBXGroup;
			children = (
				9BDECCA62C8A2403002CDE8D /* DiffableDataSourceChatBootcamp */,
				9BDECCBD2C8A2405002CDE8D /* DiffableDataSourceChatBootcampTests */,
				9BDECCC72C8A2405002CDE8D /* DiffableDataSourceChatBootcampUITests */,
				9BDECCA52C8A2403002CDE8D /* Products */,
			);
			sourceTree = "<group>";
		};
		9BDECCA52C8A2403002CDE8D /* Products */ = {
			isa = PBXGroup;
			children = (
				9BDECCA42C8A2403002CDE8D /* DiffableDataSourceChatBootcamp.app */,
				9BDECCBA2C8A2405002CDE8D /* DiffableDataSourceChatBootcampTests.xctest */,
				9BDECCC42C8A2405002CDE8D /* DiffableDataSourceChatBootcampUITests.xctest */,
			);
			name = Products;
			sourceTree = "<group>";
		};
		9BDECCA62C8A2403002CDE8D /* DiffableDataSourceChatBootcamp */ = {
			isa = PBXGroup;
			children = (
				9BDECCD72C8A2878002CDE8D /* Networking */,
				9BDECCDE2C8A28E8002CDE8D /* Extensions */,
				9BDECCDD2C8A28D9002CDE8D /* Resources */,
				9BDECCDC2C8A28D1002CDE8D /* Class */,
				9BDECCDB2C8A28C5002CDE8D /* Model */,
				9BDECCDA2C8A28A9002CDE8D /* Controllers */,
				9BDECCD92C8A2897002CDE8D /* ViewModel */,
				9BDECCD82C8A2887002CDE8D /* View */,
				9BDECCA72C8A2403002CDE8D /* AppDelegate.swift */,
				9BDECCA92C8A2403002CDE8D /* SceneDelegate.swift */,
				9BDECCAB2C8A2403002CDE8D /* ViewController.swift */,
				9BDECCAD2C8A2403002CDE8D /* Main.storyboard */,
				9BDECCB52C8A2404002CDE8D /* Info.plist */,
			);
			path = DiffableDataSourceChatBootcamp;
			sourceTree = "<group>";
		};
		9BDECCBD2C8A2405002CDE8D /* DiffableDataSourceChatBootcampTests */ = {
			isa = PBXGroup;
			children = (
				9BDECCBE2C8A2405002CDE8D /* DiffableDataSourceChatBootcampTests.swift */,
			);
			path = DiffableDataSourceChatBootcampTests;
			sourceTree = "<group>";
		};
		9BDECCC72C8A2405002CDE8D /* DiffableDataSourceChatBootcampUITests */ = {
			isa = PBXGroup;
			children = (
				9BDECCC82C8A2405002CDE8D /* DiffableDataSourceChatBootcampUITests.swift */,
				9BDECCCA2C8A2405002CDE8D /* DiffableDataSourceChatBootcampUITestsLaunchTests.swift */,
			);
			path = DiffableDataSourceChatBootcampUITests;
			sourceTree = "<group>";
		};
		9BDECCD72C8A2878002CDE8D /* Networking */ = {
			isa = PBXGroup;
			children = (
			);
			path = Networking;
			sourceTree = "<group>";
		};
		9BDECCD82C8A2887002CDE8D /* View */ = {
			isa = PBXGroup;
			children = (
				9BDECCB22C8A2404002CDE8D /* LaunchScreen.storyboard */,
			);
			path = View;
			sourceTree = "<group>";
		};
		9BDECCD92C8A2897002CDE8D /* ViewModel */ = {
			isa = PBXGroup;
			children = (
			);
			path = ViewModel;
			sourceTree = "<group>";
		};
		9BDECCDA2C8A28A9002CDE8D /* Controllers */ = {
			isa = PBXGroup;
			children = (
			);
			path = Controllers;
			sourceTree = "<group>";
		};
		9BDECCDB2C8A28C5002CDE8D /* Model */ = {
			isa = PBXGroup;
			children = (
				9BDECCDF2C8A2AB3002CDE8D /* User.swift */,
				9BDECCE32C8A2AE3002CDE8D /* Room.swift */,
				9BDECCF72C8A2B5F002CDE8D /* CustomMessageType.swift */,
				9BDECCEB2C8A2B20002CDE8D /* Message.swift */,
				9BDECCEF2C8A2B2E002CDE8D /* MessageInputType.swift */,
				9BDECCE72C8A2B0A002CDE8D /* MessageSection.swift */,
				9BDECCF32C8A2B3A002CDE8D /* MessageSendModel.swift */,
			);
			path = Model;
			sourceTree = "<group>";
		};
		9BDECCDC2C8A28D1002CDE8D /* Class */ = {
			isa = PBXGroup;
			children = (
			);
			path = Class;
			sourceTree = "<group>";
		};
		9BDECCDD2C8A28D9002CDE8D /* Resources */ = {
			isa = PBXGroup;
			children = (
				9BDECCB02C8A2404002CDE8D /* Assets.xcassets */,
			);
			path = Resources;
			sourceTree = "<group>";
		};
		9BDECCDE2C8A28E8002CDE8D /* Extensions */ = {
			isa = PBXGroup;
			children = (
			);
			path = Extensions;
			sourceTree = "<group>";
		};
/* End PBXGroup section */

/* Begin PBXNativeTarget section */
		9BDECCA32C8A2403002CDE8D /* DiffableDataSourceChatBootcamp */ = {
			isa = PBXNativeTarget;
			buildConfigurationList = 9BDECCCE2C8A2405002CDE8D /* Build configuration list for PBXNativeTarget "DiffableDataSourceChatBootcamp" */;
			buildPhases = (
				9BDECCA02C8A2403002CDE8D /* Sources */,
				9BDECCA12C8A2403002CDE8D /* Frameworks */,
				9BDECCA22C8A2403002CDE8D /* Resources */,
			);
			buildRules = (
			);
			dependencies = (
			);
			name = DiffableDataSourceChatBootcamp;
			productName = DiffableDataSourceChatBootcamp;
			productReference = 9BDECCA42C8A2403002CDE8D /* DiffableDataSourceChatBootcamp.app */;
			productType = "com.apple.product-type.application";
		};
		9BDECCB92C8A2405002CDE8D /* DiffableDataSourceChatBootcampTests */ = {
			isa = PBXNativeTarget;
			buildConfigurationList = 9BDECCD12C8A2405002CDE8D /* Build configuration list for PBXNativeTarget "DiffableDataSourceChatBootcampTests" */;
			buildPhases = (
				9BDECCB62C8A2405002CDE8D /* Sources */,
				9BDECCB72C8A2405002CDE8D /* Frameworks */,
				9BDECCB82C8A2405002CDE8D /* Resources */,
			);
			buildRules = (
			);
			dependencies = (
				9BDECCBC2C8A2405002CDE8D /* PBXTargetDependency */,
			);
			name = DiffableDataSourceChatBootcampTests;
			productName = DiffableDataSourceChatBootcampTests;
			productReference = 9BDECCBA2C8A2405002CDE8D /* DiffableDataSourceChatBootcampTests.xctest */;
			productType = "com.apple.product-type.bundle.unit-test";
		};
		9BDECCC32C8A2405002CDE8D /* DiffableDataSourceChatBootcampUITests */ = {
			isa = PBXNativeTarget;
			buildConfigurationList = 9BDECCD42C8A2405002CDE8D /* Build configuration list for PBXNativeTarget "DiffableDataSourceChatBootcampUITests" */;
			buildPhases = (
				9BDECCC02C8A2405002CDE8D /* Sources */,
				9BDECCC12C8A2405002CDE8D /* Frameworks */,
				9BDECCC22C8A2405002CDE8D /* Resources */,
			);
			buildRules = (
			);
			dependencies = (
				9BDECCC62C8A2405002CDE8D /* PBXTargetDependency */,
			);
			name = DiffableDataSourceChatBootcampUITests;
			productName = DiffableDataSourceChatBootcampUITests;
			productReference = 9BDECCC42C8A2405002CDE8D /* DiffableDataSourceChatBootcampUITests.xctest */;
			productType = "com.apple.product-type.bundle.ui-testing";
		};
/* End PBXNativeTarget section */

/* Begin PBXProject section */
		9BDECC9C2C8A2403002CDE8D /* Project object */ = {
			isa = PBXProject;
			attributes = {
				BuildIndependentTargetsInParallel = 1;
				LastSwiftUpdateCheck = 1540;
				LastUpgradeCheck = 1540;
				TargetAttributes = {
					9BDECCA32C8A2403002CDE8D = {
						CreatedOnToolsVersion = 15.4;
					};
					9BDECCB92C8A2405002CDE8D = {
						CreatedOnToolsVersion = 15.4;
						TestTargetID = 9BDECCA32C8A2403002CDE8D;
					};
					9BDECCC32C8A2405002CDE8D = {
						CreatedOnToolsVersion = 15.4;
						TestTargetID = 9BDECCA32C8A2403002CDE8D;
					};
				};
			};
			buildConfigurationList = 9BDECC9F2C8A2403002CDE8D /* Build configuration list for PBXProject "DiffableDataSourceChatBootcamp" */;
			compatibilityVersion = "Xcode 14.0";
			developmentRegion = en;
			hasScannedForEncodings = 0;
			knownRegions = (
				en,
				Base,
			);
			mainGroup = 9BDECC9B2C8A2403002CDE8D;
			productRefGroup = 9BDECCA52C8A2403002CDE8D /* Products */;
			projectDirPath = "";
			projectRoot = "";
			targets = (
				9BDECCA32C8A2403002CDE8D /* DiffableDataSourceChatBootcamp */,
				9BDECCB92C8A2405002CDE8D /* DiffableDataSourceChatBootcampTests */,
				9BDECCC32C8A2405002CDE8D /* DiffableDataSourceChatBootcampUITests */,
			);
		};
/* End PBXProject section */

/* Begin PBXResourcesBuildPhase section */
		9BDECCA22C8A2403002CDE8D /* Resources */ = {
			isa = PBXResourcesBuildPhase;
			buildActionMask = 2147483647;
			files = (
				9BDECCB12C8A2404002CDE8D /* Assets.xcassets in Resources */,
				9BDECCB42C8A2404002CDE8D /* Base in Resources */,
				9BDECCAF2C8A2403002CDE8D /* Base in Resources */,
			);
			runOnlyForDeploymentPostprocessing = 0;
		};
		9BDECCB82C8A2405002CDE8D /* Resources */ = {
			isa = PBXResourcesBuildPhase;
			buildActionMask = 2147483647;
			files = (
			);
			runOnlyForDeploymentPostprocessing = 0;
		};
		9BDECCC22C8A2405002CDE8D /* Resources */ = {
			isa = PBXResourcesBuildPhase;
			buildActionMask = 2147483647;
			files = (
			);
			runOnlyForDeploymentPostprocessing = 0;
		};
/* End PBXResourcesBuildPhase section */

/* Begin PBXSourcesBuildPhase section */
		9BDECCA02C8A2403002CDE8D /* Sources */ = {
			isa = PBXSourcesBuildPhase;
			buildActionMask = 2147483647;
			files = (
				9BDECCF02C8A2B2E002CDE8D /* MessageInputType.swift in Sources */,
				9BDECCE02C8A2AB3002CDE8D /* User.swift in Sources */,
				9BDECCAC2C8A2403002CDE8D /* ViewController.swift in Sources */,
				9BDECCA82C8A2403002CDE8D /* AppDelegate.swift in Sources */,
				9BDECCE82C8A2B0A002CDE8D /* MessageSection.swift in Sources */,
				9BDECCF42C8A2B3A002CDE8D /* MessageSendModel.swift in Sources */,
				9BDECCAA2C8A2403002CDE8D /* SceneDelegate.swift in Sources */,
				9BDECCE42C8A2AE3002CDE8D /* Room.swift in Sources */,
				9BDECCF82C8A2B5F002CDE8D /* CustomMessageType.swift in Sources */,
				9BDECCEC2C8A2B20002CDE8D /* Message.swift in Sources */,
			);
			runOnlyForDeploymentPostprocessing = 0;
		};
		9BDECCB62C8A2405002CDE8D /* Sources */ = {
			isa = PBXSourcesBuildPhase;
			buildActionMask = 2147483647;
			files = (
				9BDECCE12C8A2AB3002CDE8D /* User.swift in Sources */,
				9BDECCE92C8A2B0A002CDE8D /* MessageSection.swift in Sources */,
				9BDECCED2C8A2B20002CDE8D /* Message.swift in Sources */,
				9BDECCBF2C8A2405002CDE8D /* DiffableDataSourceChatBootcampTests.swift in Sources */,
				9BDECCF92C8A2B5F002CDE8D /* CustomMessageType.swift in Sources */,
				9BDECCF12C8A2B2E002CDE8D /* MessageInputType.swift in Sources */,
				9BDECCE52C8A2AE3002CDE8D /* Room.swift in Sources */,
				9BDECCF52C8A2B3A002CDE8D /* MessageSendModel.swift in Sources */,
			);
			runOnlyForDeploymentPostprocessing = 0;
		};
		9BDECCC02C8A2405002CDE8D /* Sources */ = {
			isa = PBXSourcesBuildPhase;
			buildActionMask = 2147483647;
			files = (
				9BDECCFA2C8A2B5F002CDE8D /* CustomMessageType.swift in Sources */,
				9BDECCC92C8A2405002CDE8D /* DiffableDataSourceChatBootcampUITests.swift in Sources */,
				9BDECCF62C8A2B3A002CDE8D /* MessageSendModel.swift in Sources */,
				9BDECCEA2C8A2B0A002CDE8D /* MessageSection.swift in Sources */,
				9BDECCCB2C8A2405002CDE8D /* DiffableDataSourceChatBootcampUITestsLaunchTests.swift in Sources */,
				9BDECCEE2C8A2B20002CDE8D /* Message.swift in Sources */,
				9BDECCE62C8A2AE3002CDE8D /* Room.swift in Sources */,
				9BDECCE22C8A2AB3002CDE8D /* User.swift in Sources */,
				9BDECCF22C8A2B2E002CDE8D /* MessageInputType.swift in Sources */,
			);
			runOnlyForDeploymentPostprocessing = 0;
		};
/* End PBXSourcesBuildPhase section */

/* Begin PBXTargetDependency section */
		9BDECCBC2C8A2405002CDE8D /* PBXTargetDependency */ = {
			isa = PBXTargetDependency;
			target = 9BDECCA32C8A2403002CDE8D /* DiffableDataSourceChatBootcamp */;
			targetProxy = 9BDECCBB2C8A2405002CDE8D /* PBXContainerItemProxy */;
		};
		9BDECCC62C8A2405002CDE8D /* PBXTargetDependency */ = {
			isa = PBXTargetDependency;
			target = 9BDECCA32C8A2403002CDE8D /* DiffableDataSourceChatBootcamp */;
			targetProxy = 9BDECCC52C8A2405002CDE8D /* PBXContainerItemProxy */;
		};
/* End PBXTargetDependency section */

/* Begin PBXVariantGroup section */
		9BDECCAD2C8A2403002CDE8D /* Main.storyboard */ = {
			isa = PBXVariantGroup;
			children = (
				9BDECCAE2C8A2403002CDE8D /* Base */,
			);
			name = Main.storyboard;
			sourceTree = "<group>";
		};
		9BDECCB22C8A2404002CDE8D /* LaunchScreen.storyboard */ = {
			isa = PBXVariantGroup;
			children = (
				9BDECCB32C8A2404002CDE8D /* Base */,
			);
			name = LaunchScreen.storyboard;
			sourceTree = "<group>";
		};
/* End PBXVariantGroup section */

/* Begin XCBuildConfiguration section */
		9BDECCCC2C8A2405002CDE8D /* Debug */ = {
			isa = XCBuildConfiguration;
			buildSettings = {
				ALWAYS_SEARCH_USER_PATHS = NO;
				ASSETCATALOG_COMPILER_GENERATE_SWIFT_ASSET_SYMBOL_EXTENSIONS = YES;
				CLANG_ANALYZER_NONNULL = YES;
				CLANG_ANALYZER_NUMBER_OBJECT_CONVERSION = YES_AGGRESSIVE;
				CLANG_CXX_LANGUAGE_STANDARD = "gnu++20";
				CLANG_ENABLE_MODULES = YES;
				CLANG_ENABLE_OBJC_ARC = YES;
				CLANG_ENABLE_OBJC_WEAK = YES;
				CLANG_WARN_BLOCK_CAPTURE_AUTORELEASING = YES;
				CLANG_WARN_BOOL_CONVERSION = YES;
				CLANG_WARN_COMMA = YES;
				CLANG_WARN_CONSTANT_CONVERSION = YES;
				CLANG_WARN_DEPRECATED_OBJC_IMPLEMENTATIONS = YES;
				CLANG_WARN_DIRECT_OBJC_ISA_USAGE = YES_ERROR;
				CLANG_WARN_DOCUMENTATION_COMMENTS = YES;
				CLANG_WARN_EMPTY_BODY = YES;
				CLANG_WARN_ENUM_CONVERSION = YES;
				CLANG_WARN_INFINITE_RECURSION = YES;
				CLANG_WARN_INT_CONVERSION = YES;
				CLANG_WARN_NON_LITERAL_NULL_CONVERSION = YES;
				CLANG_WARN_OBJC_IMPLICIT_RETAIN_SELF = YES;
				CLANG_WARN_OBJC_LITERAL_CONVERSION = YES;
				CLANG_WARN_OBJC_ROOT_CLASS = YES_ERROR;
				CLANG_WARN_QUOTED_INCLUDE_IN_FRAMEWORK_HEADER = YES;
				CLANG_WARN_RANGE_LOOP_ANALYSIS = YES;
				CLANG_WARN_STRICT_PROTOTYPES = YES;
				CLANG_WARN_SUSPICIOUS_MOVE = YES;
				CLANG_WARN_UNGUARDED_AVAILABILITY = YES_AGGRESSIVE;
				CLANG_WARN_UNREACHABLE_CODE = YES;
				CLANG_WARN__DUPLICATE_METHOD_MATCH = YES;
				COPY_PHASE_STRIP = NO;
				DEBUG_INFORMATION_FORMAT = dwarf;
				ENABLE_STRICT_OBJC_MSGSEND = YES;
				ENABLE_TESTABILITY = YES;
				ENABLE_USER_SCRIPT_SANDBOXING = YES;
				GCC_C_LANGUAGE_STANDARD = gnu17;
				GCC_DYNAMIC_NO_PIC = NO;
				GCC_NO_COMMON_BLOCKS = YES;
				GCC_OPTIMIZATION_LEVEL = 0;
				GCC_PREPROCESSOR_DEFINITIONS = (
					"DEBUG=1",
					"$(inherited)",
				);
				GCC_WARN_64_TO_32_BIT_CONVERSION = YES;
				GCC_WARN_ABOUT_RETURN_TYPE = YES_ERROR;
				GCC_WARN_UNDECLARED_SELECTOR = YES;
				GCC_WARN_UNINITIALIZED_AUTOS = YES_AGGRESSIVE;
				GCC_WARN_UNUSED_FUNCTION = YES;
				GCC_WARN_UNUSED_VARIABLE = YES;
				IPHONEOS_DEPLOYMENT_TARGET = 17.5;
				LOCALIZATION_PREFERS_STRING_CATALOGS = YES;
				MTL_ENABLE_DEBUG_INFO = INCLUDE_SOURCE;
				MTL_FAST_MATH = YES;
				ONLY_ACTIVE_ARCH = YES;
				SDKROOT = iphoneos;
				SWIFT_ACTIVE_COMPILATION_CONDITIONS = "DEBUG $(inherited)";
				SWIFT_OPTIMIZATION_LEVEL = "-Onone";
			};
			name = Debug;
		};
		9BDECCCD2C8A2405002CDE8D /* Release */ = {
			isa = XCBuildConfiguration;
			buildSettings = {
				ALWAYS_SEARCH_USER_PATHS = NO;
				ASSETCATALOG_COMPILER_GENERATE_SWIFT_ASSET_SYMBOL_EXTENSIONS = YES;
				CLANG_ANALYZER_NONNULL = YES;
				CLANG_ANALYZER_NUMBER_OBJECT_CONVERSION = YES_AGGRESSIVE;
				CLANG_CXX_LANGUAGE_STANDARD = "gnu++20";
				CLANG_ENABLE_MODULES = YES;
				CLANG_ENABLE_OBJC_ARC = YES;
				CLANG_ENABLE_OBJC_WEAK = YES;
				CLANG_WARN_BLOCK_CAPTURE_AUTORELEASING = YES;
				CLANG_WARN_BOOL_CONVERSION = YES;
				CLANG_WARN_COMMA = YES;
				CLANG_WARN_CONSTANT_CONVERSION = YES;
				CLANG_WARN_DEPRECATED_OBJC_IMPLEMENTATIONS = YES;
				CLANG_WARN_DIRECT_OBJC_ISA_USAGE = YES_ERROR;
				CLANG_WARN_DOCUMENTATION_COMMENTS = YES;
				CLANG_WARN_EMPTY_BODY = YES;
				CLANG_WARN_ENUM_CONVERSION = YES;
				CLANG_WARN_INFINITE_RECURSION = YES;
				CLANG_WARN_INT_CONVERSION = YES;
				CLANG_WARN_NON_LITERAL_NULL_CONVERSION = YES;
				CLANG_WARN_OBJC_IMPLICIT_RETAIN_SELF = YES;
				CLANG_WARN_OBJC_LITERAL_CONVERSION = YES;
				CLANG_WARN_OBJC_ROOT_CLASS = YES_ERROR;
				CLANG_WARN_QUOTED_INCLUDE_IN_FRAMEWORK_HEADER = YES;
				CLANG_WARN_RANGE_LOOP_ANALYSIS = YES;
				CLANG_WARN_STRICT_PROTOTYPES = YES;
				CLANG_WARN_SUSPICIOUS_MOVE = YES;
				CLANG_WARN_UNGUARDED_AVAILABILITY = YES_AGGRESSIVE;
				CLANG_WARN_UNREACHABLE_CODE = YES;
				CLANG_WARN__DUPLICATE_METHOD_MATCH = YES;
				COPY_PHASE_STRIP = NO;
				DEBUG_INFORMATION_FORMAT = "dwarf-with-dsym";
				ENABLE_NS_ASSERTIONS = NO;
				ENABLE_STRICT_OBJC_MSGSEND = YES;
				ENABLE_USER_SCRIPT_SANDBOXING = YES;
				GCC_C_LANGUAGE_STANDARD = gnu17;
				GCC_NO_COMMON_BLOCKS = YES;
				GCC_WARN_64_TO_32_BIT_CONVERSION = YES;
				GCC_WARN_ABOUT_RETURN_TYPE = YES_ERROR;
				GCC_WARN_UNDECLARED_SELECTOR = YES;
				GCC_WARN_UNINITIALIZED_AUTOS = YES_AGGRESSIVE;
				GCC_WARN_UNUSED_FUNCTION = YES;
				GCC_WARN_UNUSED_VARIABLE = YES;
				IPHONEOS_DEPLOYMENT_TARGET = 17.5;
				LOCALIZATION_PREFERS_STRING_CATALOGS = YES;
				MTL_ENABLE_DEBUG_INFO = NO;
				MTL_FAST_MATH = YES;
				SDKROOT = iphoneos;
				SWIFT_COMPILATION_MODE = wholemodule;
				VALIDATE_PRODUCT = YES;
			};
			name = Release;
		};
		9BDECCCF2C8A2405002CDE8D /* Debug */ = {
			isa = XCBuildConfiguration;
			buildSettings = {
				ASSETCATALOG_COMPILER_APPICON_NAME = AppIcon;
				ASSETCATALOG_COMPILER_GLOBAL_ACCENT_COLOR_NAME = AccentColor;
				CODE_SIGN_STYLE = Automatic;
				CURRENT_PROJECT_VERSION = 1;
				DEVELOPMENT_TEAM = YJ347PT8FZ;
				GENERATE_INFOPLIST_FILE = YES;
				INFOPLIST_FILE = DiffableDataSourceChatBootcamp/Info.plist;
				INFOPLIST_KEY_UIApplicationSupportsIndirectInputEvents = YES;
				INFOPLIST_KEY_UILaunchStoryboardName = LaunchScreen;
				INFOPLIST_KEY_UIMainStoryboardFile = Main;
				INFOPLIST_KEY_UISupportedInterfaceOrientations_iPad = "UIInterfaceOrientationPortrait UIInterfaceOrientationPortraitUpsideDown UIInterfaceOrientationLandscapeLeft UIInterfaceOrientationLandscapeRight";
				INFOPLIST_KEY_UISupportedInterfaceOrientations_iPhone = "UIInterfaceOrientationPortrait UIInterfaceOrientationLandscapeLeft UIInterfaceOrientationLandscapeRight";
				LD_RUNPATH_SEARCH_PATHS = (
					"$(inherited)",
					"@executable_path/Frameworks",
				);
				MARKETING_VERSION = 1.0;
				PRODUCT_BUNDLE_IDENTIFIER = com.adamyoneda.DiffableDataSourceChatBootcamp;
				PRODUCT_NAME = "$(TARGET_NAME)";
				SWIFT_EMIT_LOC_STRINGS = YES;
				SWIFT_VERSION = 5.0;
				TARGETED_DEVICE_FAMILY = "1,2";
			};
			name = Debug;
		};
		9BDECCD02C8A2405002CDE8D /* Release */ = {
			isa = XCBuildConfiguration;
			buildSettings = {
				ASSETCATALOG_COMPILER_APPICON_NAME = AppIcon;
				ASSETCATALOG_COMPILER_GLOBAL_ACCENT_COLOR_NAME = AccentColor;
				CODE_SIGN_STYLE = Automatic;
				CURRENT_PROJECT_VERSION = 1;
				DEVELOPMENT_TEAM = YJ347PT8FZ;
				GENERATE_INFOPLIST_FILE = YES;
				INFOPLIST_FILE = DiffableDataSourceChatBootcamp/Info.plist;
				INFOPLIST_KEY_UIApplicationSupportsIndirectInputEvents = YES;
				INFOPLIST_KEY_UILaunchStoryboardName = LaunchScreen;
				INFOPLIST_KEY_UIMainStoryboardFile = Main;
				INFOPLIST_KEY_UISupportedInterfaceOrientations_iPad = "UIInterfaceOrientationPortrait UIInterfaceOrientationPortraitUpsideDown UIInterfaceOrientationLandscapeLeft UIInterfaceOrientationLandscapeRight";
				INFOPLIST_KEY_UISupportedInterfaceOrientations_iPhone = "UIInterfaceOrientationPortrait UIInterfaceOrientationLandscapeLeft UIInterfaceOrientationLandscapeRight";
				LD_RUNPATH_SEARCH_PATHS = (
					"$(inherited)",
					"@executable_path/Frameworks",
				);
				MARKETING_VERSION = 1.0;
				PRODUCT_BUNDLE_IDENTIFIER = com.adamyoneda.DiffableDataSourceChatBootcamp;
				PRODUCT_NAME = "$(TARGET_NAME)";
				SWIFT_EMIT_LOC_STRINGS = YES;
				SWIFT_VERSION = 5.0;
				TARGETED_DEVICE_FAMILY = "1,2";
			};
			name = Release;
		};
		9BDECCD22C8A2405002CDE8D /* Debug */ = {
			isa = XCBuildConfiguration;
			buildSettings = {
				ALWAYS_EMBED_SWIFT_STANDARD_LIBRARIES = YES;
				BUNDLE_LOADER = "$(TEST_HOST)";
				CODE_SIGN_STYLE = Automatic;
				CURRENT_PROJECT_VERSION = 1;
				DEVELOPMENT_TEAM = YJ347PT8FZ;
				GENERATE_INFOPLIST_FILE = YES;
				IPHONEOS_DEPLOYMENT_TARGET = 17.5;
				MARKETING_VERSION = 1.0;
				PRODUCT_BUNDLE_IDENTIFIER = com.adamyoneda.DiffableDataSourceChatBootcampTests;
				PRODUCT_NAME = "$(TARGET_NAME)";
				SWIFT_EMIT_LOC_STRINGS = NO;
				SWIFT_VERSION = 5.0;
				TARGETED_DEVICE_FAMILY = "1,2";
				TEST_HOST = "$(BUILT_PRODUCTS_DIR)/DiffableDataSourceChatBootcamp.app/$(BUNDLE_EXECUTABLE_FOLDER_PATH)/DiffableDataSourceChatBootcamp";
			};
			name = Debug;
		};
		9BDECCD32C8A2405002CDE8D /* Release */ = {
			isa = XCBuildConfiguration;
			buildSettings = {
				ALWAYS_EMBED_SWIFT_STANDARD_LIBRARIES = YES;
				BUNDLE_LOADER = "$(TEST_HOST)";
				CODE_SIGN_STYLE = Automatic;
				CURRENT_PROJECT_VERSION = 1;
				DEVELOPMENT_TEAM = YJ347PT8FZ;
				GENERATE_INFOPLIST_FILE = YES;
				IPHONEOS_DEPLOYMENT_TARGET = 17.5;
				MARKETING_VERSION = 1.0;
				PRODUCT_BUNDLE_IDENTIFIER = com.adamyoneda.DiffableDataSourceChatBootcampTests;
				PRODUCT_NAME = "$(TARGET_NAME)";
				SWIFT_EMIT_LOC_STRINGS = NO;
				SWIFT_VERSION = 5.0;
				TARGETED_DEVICE_FAMILY = "1,2";
				TEST_HOST = "$(BUILT_PRODUCTS_DIR)/DiffableDataSourceChatBootcamp.app/$(BUNDLE_EXECUTABLE_FOLDER_PATH)/DiffableDataSourceChatBootcamp";
			};
			name = Release;
		};
		9BDECCD52C8A2405002CDE8D /* Debug */ = {
			isa = XCBuildConfiguration;
			buildSettings = {
				ALWAYS_EMBED_SWIFT_STANDARD_LIBRARIES = YES;
				CODE_SIGN_STYLE = Automatic;
				CURRENT_PROJECT_VERSION = 1;
				DEVELOPMENT_TEAM = YJ347PT8FZ;
				GENERATE_INFOPLIST_FILE = YES;
				MARKETING_VERSION = 1.0;
				PRODUCT_BUNDLE_IDENTIFIER = com.adamyoneda.DiffableDataSourceChatBootcampUITests;
				PRODUCT_NAME = "$(TARGET_NAME)";
				SWIFT_EMIT_LOC_STRINGS = NO;
				SWIFT_VERSION = 5.0;
				TARGETED_DEVICE_FAMILY = "1,2";
				TEST_TARGET_NAME = DiffableDataSourceChatBootcamp;
			};
			name = Debug;
		};
		9BDECCD62C8A2405002CDE8D /* Release */ = {
			isa = XCBuildConfiguration;
			buildSettings = {
				ALWAYS_EMBED_SWIFT_STANDARD_LIBRARIES = YES;
				CODE_SIGN_STYLE = Automatic;
				CURRENT_PROJECT_VERSION = 1;
				DEVELOPMENT_TEAM = YJ347PT8FZ;
				GENERATE_INFOPLIST_FILE = YES;
				MARKETING_VERSION = 1.0;
				PRODUCT_BUNDLE_IDENTIFIER = com.adamyoneda.DiffableDataSourceChatBootcampUITests;
				PRODUCT_NAME = "$(TARGET_NAME)";
				SWIFT_EMIT_LOC_STRINGS = NO;
				SWIFT_VERSION = 5.0;
				TARGETED_DEVICE_FAMILY = "1,2";
				TEST_TARGET_NAME = DiffableDataSourceChatBootcamp;
			};
			name = Release;
		};
/* End XCBuildConfiguration section */

/* Begin XCConfigurationList section */
		9BDECC9F2C8A2403002CDE8D /* Build configuration list for PBXProject "DiffableDataSourceChatBootcamp" */ = {
			isa = XCConfigurationList;
			buildConfigurations = (
				9BDECCCC2C8A2405002CDE8D /* Debug */,
				9BDECCCD2C8A2405002CDE8D /* Release */,
			);
			defaultConfigurationIsVisible = 0;
			defaultConfigurationName = Release;
		};
		9BDECCCE2C8A2405002CDE8D /* Build configuration list for PBXNativeTarget "DiffableDataSourceChatBootcamp" */ = {
			isa = XCConfigurationList;
			buildConfigurations = (
				9BDECCCF2C8A2405002CDE8D /* Debug */,
				9BDECCD02C8A2405002CDE8D /* Release */,
			);
			defaultConfigurationIsVisible = 0;
			defaultConfigurationName = Release;
		};
		9BDECCD12C8A2405002CDE8D /* Build configuration list for PBXNativeTarget "DiffableDataSourceChatBootcampTests" */ = {
			isa = XCConfigurationList;
			buildConfigurations = (
				9BDECCD22C8A2405002CDE8D /* Debug */,
				9BDECCD32C8A2405002CDE8D /* Release */,
			);
			defaultConfigurationIsVisible = 0;
			defaultConfigurationName = Release;
		};
		9BDECCD42C8A2405002CDE8D /* Build configuration list for PBXNativeTarget "DiffableDataSourceChatBootcampUITests" */ = {
			isa = XCConfigurationList;
			buildConfigurations = (
				9BDECCD52C8A2405002CDE8D /* Debug */,
				9BDECCD62C8A2405002CDE8D /* Release */,
			);
			defaultConfigurationIsVisible = 0;
			defaultConfigurationName = Release;
		};
/* End XCConfigurationList section */
	};
	rootObject = 9BDECC9C2C8A2403002CDE8D /* Project object */;
}
